
Microsoft Visual Studio Solution File, Format Version 12.00
# Visual Studio 14
VisualStudioVersion = 14.0.25420.1
MinimumVisualStudioVersion = 10.0.40219.1
Project("{FAE04EC0-301F-11D3-BF4B-00C04F79EFBC}") = "sinfo", "sinfo\sinfo.csproj", "{1EB0226A-143F-4848-BC7D-84DCB88F9F10}"
EndProject
Project("{2150E333-8FDC-42A3-9474-1A3956D46DE8}") = "1 UL", "1 UL", "{1BD4A823-A1E4-4BA3-936C-96365445F815}"
EndProject
Project("{2150E333-8FDC-42A3-9474-1A3956D46DE8}") = "2 BL", "2 BL", "{737FB2F4-D176-4F25-BE5E-D56F53AED9E2}"
EndProject
Project("{2150E333-8FDC-42A3-9474-1A3956D46DE8}") = "3 DL", "3 DL", "{FFD88083-3C77-4350-B15C-9F1E1BC1595B}"
EndProject
Project("{2150E333-8FDC-42A3-9474-1A3956D46DE8}") = "4 CL", "4 CL", "{A22204E6-D96A-439E-9141-E7F2B38649FA}"
EndProject
Project("{2150E333-8FDC-42A3-9474-1A3956D46DE8}") = "5 SL", "5 SL", "{50DF538E-3F64-4087-9F34-5773C4AEA783}"
EndProject
Project("{FAE04EC0-301F-11D3-BF4B-00C04F79EFBC}") = "Core", "Core\Core.csproj", "{889E2562-1D47-4F27-9B19-183921454ACC}"
EndProject
Project("{FAE04EC0-301F-11D3-BF4B-00C04F79EFBC}") = "Datos", "Datos\Datos.csproj", "{A426C1C1-8B76-4EB7-B83C-BF8DC5357F90}"
EndProject
Project("{FAE04EC0-301F-11D3-BF4B-00C04F79EFBC}") = "Comun", "Comun\Comun.csproj", "{9BE65867-531D-4677-8700-0C3B2BDF961A}"
EndProject
Global
	GlobalSection(SolutionConfigurationPlatforms) = preSolution
		Debug|Any CPU = Debug|Any CPU
		Release|Any CPU = Release|Any CPU
	EndGlobalSection
	GlobalSection(ProjectConfigurationPlatforms) = postSolution
		{1EB0226A-143F-4848-BC7D-84DCB88F9F10}.Debug|Any CPU.ActiveCfg = Debug|Any CPU
		{1EB0226A-143F-4848-BC7D-84DCB88F9F10}.Debug|Any CPU.Build.0 = Debug|Any CPU
		{1EB0226A-143F-4848-BC7D-84DCB88F9F10}.Release|Any CPU.ActiveCfg = Release|Any CPU
		{1EB0226A-143F-4848-BC7D-84DCB88F9F10}.Release|Any CPU.Build.0 = Release|Any CPU
		{889E2562-1D47-4F27-9B19-183921454ACC}.Debug|Any CPU.ActiveCfg = Debug|Any CPU
		{889E2562-1D47-4F27-9B19-183921454ACC}.Debug|Any CPU.Build.0 = Debug|Any CPU
		{889E2562-1D47-4F27-9B19-183921454ACC}.Release|Any CPU.ActiveCfg = Release|Any CPU
		{889E2562-1D47-4F27-9B19-183921454ACC}.Release|Any CPU.Build.0 = Release|Any CPU
		{A426C1C1-8B76-4EB7-B83C-BF8DC5357F90}.Debug|Any CPU.ActiveCfg = Debug|Any CPU
		{A426C1C1-8B76-4EB7-B83C-BF8DC5357F90}.Debug|Any CPU.Build.0 = Debug|Any CPU
		{A426C1C1-8B76-4EB7-B83C-BF8DC5357F90}.Release|Any CPU.ActiveCfg = Release|Any CPU
		{A426C1C1-8B76-4EB7-B83C-BF8DC5357F90}.Release|Any CPU.Build.0 = Release|Any CPU
		{9BE65867-531D-4677-8700-0C3B2BDF961A}.Debug|Any CPU.ActiveCfg = Debug|Any CPU
		{9BE65867-531D-4677-8700-0C3B2BDF961A}.Debug|Any CPU.Build.0 = Debug|Any CPU
		{9BE65867-531D-4677-8700-0C3B2BDF961A}.Release|Any CPU.ActiveCfg = Release|Any CPU
		{9BE65867-531D-4677-8700-0C3B2BDF961A}.Release|Any CPU.Build.0 = Release|Any CPU
	EndGlobalSection
	GlobalSection(SolutionProperties) = preSolution
		HideSolutionNode = FALSE
	EndGlobalSection
	GlobalSection(NestedProjects) = preSolution
		{1EB0226A-143F-4848-BC7D-84DCB88F9F10} = {1BD4A823-A1E4-4BA3-936C-96365445F815}
		{889E2562-1D47-4F27-9B19-183921454ACC} = {737FB2F4-D176-4F25-BE5E-D56F53AED9E2}
		{A426C1C1-8B76-4EB7-B83C-BF8DC5357F90} = {FFD88083-3C77-4350-B15C-9F1E1BC1595B}
		{9BE65867-531D-4677-8700-0C3B2BDF961A} = {A22204E6-D96A-439E-9141-E7F2B38649FA}
	EndGlobalSection
EndGlobal
